
Microsoft Visual Studio Solution File, Format Version 12.00
# Visual Studio Version 17
VisualStudioVersion = 17.4.33205.214
MinimumVisualStudioVersion = 10.0.40219.1
Project("{9A19103F-16F7-4668-BE54-9A1E7A4F7556}") = "Viktorina", "Viktorina\Viktorina.csproj", "{E5ADD424-44E2-49E3-940B-5FAC7FC03DDA}"
EndProject
Project("{FAE04EC0-301F-11D3-BF4B-00C04F79EFBC}") = "Classes", "Classes\Classes.csproj", "{5FC6981F-CFFB-474E-ADB2-E95332E02BFC}"
EndProject
Global
	GlobalSection(SolutionConfigurationPlatforms) = preSolution
		Debug|Any CPU = Debug|Any CPU
		Release|Any CPU = Release|Any CPU
	EndGlobalSection
	GlobalSection(ProjectConfigurationPlatforms) = postSolution
		{E5ADD424-44E2-49E3-940B-5FAC7FC03DDA}.Debug|Any CPU.ActiveCfg = Debug|Any CPU
		{E5ADD424-44E2-49E3-940B-5FAC7FC03DDA}.Debug|Any CPU.Build.0 = Debug|Any CPU
		{E5ADD424-44E2-49E3-940B-5FAC7FC03DDA}.Release|Any CPU.ActiveCfg = Release|Any CPU
		{E5ADD424-44E2-49E3-940B-5FAC7FC03DDA}.Release|Any CPU.Build.0 = Release|Any CPU
		{5FC6981F-CFFB-474E-ADB2-E95332E02BFC}.Debug|Any CPU.ActiveCfg = Debug|Any CPU
		{5FC6981F-CFFB-474E-ADB2-E95332E02BFC}.Debug|Any CPU.Build.0 = Debug|Any CPU
		{5FC6981F-CFFB-474E-ADB2-E95332E02BFC}.Release|Any CPU.ActiveCfg = Release|Any CPU
		{5FC6981F-CFFB-474E-ADB2-E95332E02BFC}.Release|Any CPU.Build.0 = Release|Any CPU
	EndGlobalSection
	GlobalSection(SolutionProperties) = preSolution
		HideSolutionNode = FALSE
	EndGlobalSection
	GlobalSection(ExtensibilityGlobals) = postSolution
		SolutionGuid = {92684AAA-85D2-4CE8-B2E6-326734EE435D}
	EndGlobalSection
EndGlobal
